
Microsoft Visual Studio Solution File, Format Version 12.00
# Visual Studio Version 17
VisualStudioVersion = 17.7.34031.279
MinimumVisualStudioVersion = 10.0.40219.1
Project("{9A19103F-16F7-4668-BE54-9A1E7A4F7556}") = "CarProjectMVC", "CarProjectMVC\CarProjectMVC.csproj", "{6E38BB9E-3B22-4D5B-971F-9131885A21DA}"
EndProject
Global
	GlobalSection(SolutionConfigurationPlatforms) = preSolution
		Debug|Any CPU = Debug|Any CPU
		Release|Any CPU = Release|Any CPU
	EndGlobalSection
	GlobalSection(ProjectConfigurationPlatforms) = postSolution
		{6E38BB9E-3B22-4D5B-971F-9131885A21DA}.Debug|Any CPU.ActiveCfg = Debug|Any CPU
		{6E38BB9E-3B22-4D5B-971F-9131885A21DA}.Debug|Any CPU.Build.0 = Debug|Any CPU
		{6E38BB9E-3B22-4D5B-971F-9131885A21DA}.Release|Any CPU.ActiveCfg = Release|Any CPU
		{6E38BB9E-3B22-4D5B-971F-9131885A21DA}.Release|Any CPU.Build.0 = Release|Any CPU
	EndGlobalSection
	GlobalSection(SolutionProperties) = preSolution
		HideSolutionNode = FALSE
	EndGlobalSection
	GlobalSection(ExtensibilityGlobals) = postSolution
		SolutionGuid = {27005FA9-CB27-47C0-B617-7D529C07891A}
	EndGlobalSection
EndGlobal
