{
  "name": "CarProjectMVC",
  "lockfileVersion": 3,
  "requires": true,
  "packages": {
    "": {
      "dependencies": {
        "logrocket": "^6.0.0"
      }
    },
    "node_modules/logrocket": {
      "version": "6.0.0",
      "resolved": "https://registry.npmjs.org/logrocket/-/logrocket-6.0.0.tgz",
      "integrity": "sha512-67wlZnY/WPEboMHUv+rEhLawJyr/LogV3MsOlEKxsqNu0pD3pLj6Z/seQVGwHKqARtyF9xrAZd6H0Lfy+91C2w=="
    }
  }
}
